// !$*UTF8*$!
{
	archiveVersion = 1;
	classes = {
	};
	objectVersion = 52;
	objects = {

/* Begin PBXBuildFile section */
		B414399026AE8D42003F2AFF /* AppDelegate.swift in Sources */ = {isa = PBXBuildFile; fileRef = B414398F26AE8D42003F2AFF /* AppDelegate.swift */; };
		B414399226AE8D42003F2AFF /* SceneDelegate.swift in Sources */ = {isa = PBXBuildFile; fileRef = B414399126AE8D42003F2AFF /* SceneDelegate.swift */; };
		B414399426AE8D42003F2AFF /* ViewController.swift in Sources */ = {isa = PBXBuildFile; fileRef = B414399326AE8D42003F2AFF /* ViewController.swift */; };
		B414399726AE8D42003F2AFF /* Main.storyboard in Resources */ = {isa = PBXBuildFile; fileRef = B414399526AE8D42003F2AFF /* Main.storyboard */; };
		B414399926AE8D44003F2AFF /* Assets.xcassets in Resources */ = {isa = PBXBuildFile; fileRef = B414399826AE8D44003F2AFF /* Assets.xcassets */; };
		B414399C26AE8D44003F2AFF /* LaunchScreen.storyboard in Resources */ = {isa = PBXBuildFile; fileRef = B414399A26AE8D44003F2AFF /* LaunchScreen.storyboard */; };
		B41439A526AE8EA7003F2AFF /* Alamofire in Frameworks */ = {isa = PBXBuildFile; productRef = B41439A426AE8EA7003F2AFF /* Alamofire */; };
		B41439A826AE9293003F2AFF /* SwiftyJSON in Frameworks */ = {isa = PBXBuildFile; productRef = B41439A726AE9293003F2AFF /* SwiftyJSON */; };
		B41439AA26AE9689003F2AFF /* ReviewTableViewController.swift in Sources */ = {isa = PBXBuildFile; fileRef = B41439A926AE9689003F2AFF /* ReviewTableViewController.swift */; };
		B41439AC26AE9D77003F2AFF /* ReviewWriteViewController.swift in Sources */ = {isa = PBXBuildFile; fileRef = B41439AB26AE9D77003F2AFF /* ReviewWriteViewController.swift */; };
/* End PBXBuildFile section */

/* Begin PBXFileReference section */
		B414398C26AE8D42003F2AFF /* BookReview.app */ = {isa = PBXFileReference; explicitFileType = wrapper.application; includeInIndex = 0; path = BookReview.app; sourceTree = BUILT_PRODUCTS_DIR; };
		B414398F26AE8D42003F2AFF /* AppDelegate.swift */ = {isa = PBXFileReference; lastKnownFileType = sourcecode.swift; path = AppDelegate.swift; sourceTree = "<group>"; };
		B414399126AE8D42003F2AFF /* SceneDelegate.swift */ = {isa = PBXFileReference; lastKnownFileType = sourcecode.swift; path = SceneDelegate.swift; sourceTree = "<group>"; };
		B414399326AE8D42003F2AFF /* ViewController.swift */ = {isa = PBXFileReference; lastKnownFileType = sourcecode.swift; path = ViewController.swift; sourceTree = "<group>"; };
		B414399626AE8D42003F2AFF /* Base */ = {isa = PBXFileReference; lastKnownFileType = file.storyboard; name = Base; path = Base.lproj/Main.storyboard; sourceTree = "<group>"; };
		B414399826AE8D44003F2AFF /* Assets.xcassets */ = {isa = PBXFileReference; lastKnownFileType = folder.assetcatalog; path = Assets.xcassets; sourceTree = "<group>"; };
		B414399B26AE8D44003F2AFF /* Base */ = {isa = PBXFileReference; lastKnownFileType = file.storyboard; name = Base; path = Base.lproj/LaunchScreen.storyboard; sourceTree = "<group>"; };
		B414399D26AE8D44003F2AFF /* Info.plist */ = {isa = PBXFileReference; lastKnownFileType = text.plist.xml; path = Info.plist; sourceTree = "<group>"; };
		B41439A926AE9689003F2AFF /* ReviewTableViewController.swift */ = {isa = PBXFileReference; lastKnownFileType = sourcecode.swift; path = ReviewTableViewController.swift; sourceTree = "<group>"; };
		B41439AB26AE9D77003F2AFF /* ReviewWriteViewController.swift */ = {isa = PBXFileReference; lastKnownFileType = sourcecode.swift; path = ReviewWriteViewController.swift; sourceTree = "<group>"; };
/* End PBXFileReference section */

/* Begin PBXFrameworksBuildPhase section */
		B414398926AE8D42003F2AFF /* Frameworks */ = {
			isa = PBXFrameworksBuildPhase;
			buildActionMask = 2147483647;
			files = (
				B41439A826AE9293003F2AFF /* SwiftyJSON in Frameworks */,
				B41439A526AE8EA7003F2AFF /* Alamofire in Frameworks */,
			);
			runOnlyForDeploymentPostprocessing = 0;
		};
/* End PBXFrameworksBuildPhase section */

/* Begin PBXGroup section */
		B414398326AE8D42003F2AFF = {
			isa = PBXGroup;
			children = (
				B414398E26AE8D42003F2AFF /* BookReview */,
				B414398D26AE8D42003F2AFF /* Products */,
			);
			sourceTree = "<group>";
		};
		B414398D26AE8D42003F2AFF /* Products */ = {
			isa = PBXGroup;
			children = (
				B414398C26AE8D42003F2AFF /* BookReview.app */,
			);
			name = Products;
			sourceTree = "<group>";
		};
		B414398E26AE8D42003F2AFF /* BookReview */ = {
			isa = PBXGroup;
			children = (
				B414398F26AE8D42003F2AFF /* AppDelegate.swift */,
				B414399126AE8D42003F2AFF /* SceneDelegate.swift */,
				B414399326AE8D42003F2AFF /* ViewController.swift */,
				B414399526AE8D42003F2AFF /* Main.storyboard */,
				B414399826AE8D44003F2AFF /* Assets.xcassets */,
				B414399A26AE8D44003F2AFF /* LaunchScreen.storyboard */,
				B414399D26AE8D44003F2AFF /* Info.plist */,
				B41439A926AE9689003F2AFF /* ReviewTableViewController.swift */,
				B41439AB26AE9D77003F2AFF /* ReviewWriteViewController.swift */,
			);
			path = BookReview;
			sourceTree = "<group>";
		};
/* End PBXGroup section */

/* Begin PBXNativeTarget section */
		B414398B26AE8D42003F2AFF /* BookReview */ = {
			isa = PBXNativeTarget;
			buildConfigurationList = B41439A026AE8D44003F2AFF /* Build configuration list for PBXNativeTarget "BookReview" */;
			buildPhases = (
				B414398826AE8D42003F2AFF /* Sources */,
				B414398926AE8D42003F2AFF /* Frameworks */,
				B414398A26AE8D42003F2AFF /* Resources */,
			);
			buildRules = (
			);
			dependencies = (
			);
			name = BookReview;
			packageProductDependencies = (
				B41439A426AE8EA7003F2AFF /* Alamofire */,
				B41439A726AE9293003F2AFF /* SwiftyJSON */,
			);
			productName = BookReview;
			productReference = B414398C26AE8D42003F2AFF /* BookReview.app */;
			productType = "com.apple.product-type.application";
		};
/* End PBXNativeTarget section */

/* Begin PBXProject section */
		B414398426AE8D42003F2AFF /* Project object */ = {
			isa = PBXProject;
			attributes = {
				LastSwiftUpdateCheck = 1250;
				LastUpgradeCheck = 1250;
				TargetAttributes = {
					B414398B26AE8D42003F2AFF = {
						CreatedOnToolsVersion = 12.5.1;
					};
				};
			};
			buildConfigurationList = B414398726AE8D42003F2AFF /* Build configuration list for PBXProject "BookReview" */;
			compatibilityVersion = "Xcode 9.3";
			developmentRegion = en;
			hasScannedForEncodings = 0;
			knownRegions = (
				en,
				Base,
			);
			mainGroup = B414398326AE8D42003F2AFF;
			packageReferences = (
				B41439A326AE8EA7003F2AFF /* XCRemoteSwiftPackageReference "Alamofire" */,
				B41439A626AE9293003F2AFF /* XCRemoteSwiftPackageReference "SwiftyJSON" */,
			);
			productRefGroup = B414398D26AE8D42003F2AFF /* Products */;
			projectDirPath = "";
			projectRoot = "";
			targets = (
				B414398B26AE8D42003F2AFF /* BookReview */,
			);
		};
/* End PBXProject section */

/* Begin PBXResourcesBuildPhase section */
		B414398A26AE8D42003F2AFF /* Resources */ = {
			isa = PBXResourcesBuildPhase;
			buildActionMask = 2147483647;
			files = (
				B414399C26AE8D44003F2AFF /* LaunchScreen.storyboard in Resources */,
				B414399926AE8D44003F2AFF /* Assets.xcassets in Resources */,
				B414399726AE8D42003F2AFF /* Main.storyboard in Resources */,
			);
			runOnlyForDeploymentPostprocessing = 0;
		};
/* End PBXResourcesBuildPhase section */

/* Begin PBXSourcesBuildPhase section */
		B414398826AE8D42003F2AFF /* Sources */ = {
			isa = PBXSourcesBuildPhase;
			buildActionMask = 2147483647;
			files = (
				B414399426AE8D42003F2AFF /* ViewController.swift in Sources */,
				B414399026AE8D42003F2AFF /* AppDelegate.swift in Sources */,
				B41439AC26AE9D77003F2AFF /* ReviewWriteViewController.swift in Sources */,
				B414399226AE8D42003F2AFF /* SceneDelegate.swift in Sources */,
				B41439AA26AE9689003F2AFF /* ReviewTableViewController.swift in Sources */,
			);
			runOnlyForDeploymentPostprocessing = 0;
		};
/* End PBXSourcesBuildPhase section */

/* Begin PBXVariantGroup section */
		B414399526AE8D42003F2AFF /* Main.storyboard */ = {
			isa = PBXVariantGroup;
			children = (
				B414399626AE8D42003F2AFF /* Base */,
			);
			name = Main.storyboard;
			sourceTree = "<group>";
		};
		B414399A26AE8D44003F2AFF /* LaunchScreen.storyboard */ = {
			isa = PBXVariantGroup;
			children = (
				B414399B26AE8D44003F2AFF /* Base */,
			);
			name = LaunchScreen.storyboard;
			sourceTree = "<group>";
		};
/* End PBXVariantGroup section */

/* Begin XCBuildConfiguration section */
		B414399E26AE8D44003F2AFF /* Debug */ = {
			isa = XCBuildConfiguration;
			buildSettings = {
				ALWAYS_SEARCH_USER_PATHS = NO;
				CLANG_ANALYZER_NONNULL = YES;
				CLANG_ANALYZER_NUMBER_OBJECT_CONVERSION = YES_AGGRESSIVE;
				CLANG_CXX_LANGUAGE_STANDARD = "gnu++14";
				CLANG_CXX_LIBRARY = "libc++";
				CLANG_ENABLE_MODULES = YES;
				CLANG_ENABLE_OBJC_ARC = YES;
				CLANG_ENABLE_OBJC_WEAK = YES;
				CLANG_WARN_BLOCK_CAPTURE_AUTORELEASING = YES;
				CLANG_WARN_BOOL_CONVERSION = YES;
				CLANG_WARN_COMMA = YES;
				CLANG_WARN_CONSTANT_CONVERSION = YES;
				CLANG_WARN_DEPRECATED_OBJC_IMPLEMENTATIONS = YES;
				CLANG_WARN_DIRECT_OBJC_ISA_USAGE = YES_ERROR;
				CLANG_WARN_DOCUMENTATION_COMMENTS = YES;
				CLANG_WARN_EMPTY_BODY = YES;
				CLANG_WARN_ENUM_CONVERSION = YES;
				CLANG_WARN_INFINITE_RECURSION = YES;
				CLANG_WARN_INT_CONVERSION = YES;
				CLANG_WARN_NON_LITERAL_NULL_CONVERSION = YES;
				CLANG_WARN_OBJC_IMPLICIT_RETAIN_SELF = YES;
				CLANG_WARN_OBJC_LITERAL_CONVERSION = YES;
				CLANG_WARN_OBJC_ROOT_CLASS = YES_ERROR;
				CLANG_WARN_QUOTED_INCLUDE_IN_FRAMEWORK_HEADER = YES;
				CLANG_WARN_RANGE_LOOP_ANALYSIS = YES;
				CLANG_WARN_STRICT_PROTOTYPES = YES;
				CLANG_WARN_SUSPICIOUS_MOVE = YES;
				CLANG_WARN_UNGUARDED_AVAILABILITY = YES_AGGRESSIVE;
				CLANG_WARN_UNREACHABLE_CODE = YES;
				CLANG_WARN__DUPLICATE_METHOD_MATCH = YES;
				COPY_PHASE_STRIP = NO;
				DEBUG_INFORMATION_FORMAT = dwarf;
				ENABLE_STRICT_OBJC_MSGSEND = YES;
				ENABLE_TESTABILITY = YES;
				GCC_C_LANGUAGE_STANDARD = gnu11;
				GCC_DYNAMIC_NO_PIC = NO;
				GCC_NO_COMMON_BLOCKS = YES;
				GCC_OPTIMIZATION_LEVEL = 0;
				GCC_PREPROCESSOR_DEFINITIONS = (
					"DEBUG=1",
					"$(inherited)",
				);
				GCC_WARN_64_TO_32_BIT_CONVERSION = YES;
				GCC_WARN_ABOUT_RETURN_TYPE = YES_ERROR;
				GCC_WARN_UNDECLARED_SELECTOR = YES;
				GCC_WARN_UNINITIALIZED_AUTOS = YES_AGGRESSIVE;
				GCC_WARN_UNUSED_FUNCTION = YES;
				GCC_WARN_UNUSED_VARIABLE = YES;
				IPHONEOS_DEPLOYMENT_TARGET = 14.5;
				MTL_ENABLE_DEBUG_INFO = INCLUDE_SOURCE;
				MTL_FAST_MATH = YES;
				ONLY_ACTIVE_ARCH = YES;
				SDKROOT = iphoneos;
				SWIFT_ACTIVE_COMPILATION_CONDITIONS = DEBUG;
				SWIFT_OPTIMIZATION_LEVEL = "-Onone";
			};
			name = Debug;
		};
		B414399F26AE8D44003F2AFF /* Release */ = {
			isa = XCBuildConfiguration;
			buildSettings = {
				ALWAYS_SEARCH_USER_PATHS = NO;
				CLANG_ANALYZER_NONNULL = YES;
				CLANG_ANALYZER_NUMBER_OBJECT_CONVERSION = YES_AGGRESSIVE;
				CLANG_CXX_LANGUAGE_STANDARD = "gnu++14";
				CLANG_CXX_LIBRARY = "libc++";
				CLANG_ENABLE_MODULES = YES;
				CLANG_ENABLE_OBJC_ARC = YES;
				CLANG_ENABLE_OBJC_WEAK = YES;
				CLANG_WARN_BLOCK_CAPTURE_AUTORELEASING = YES;
				CLANG_WARN_BOOL_CONVERSION = YES;
				CLANG_WARN_COMMA = YES;
				CLANG_WARN_CONSTANT_CONVERSION = YES;
				CLANG_WARN_DEPRECATED_OBJC_IMPLEMENTATIONS = YES;
				CLANG_WARN_DIRECT_OBJC_ISA_USAGE = YES_ERROR;
				CLANG_WARN_DOCUMENTATION_COMMENTS = YES;
				CLANG_WARN_EMPTY_BODY = YES;
				CLANG_WARN_ENUM_CONVERSION = YES;
				CLANG_WARN_INFINITE_RECURSION = YES;
				CLANG_WARN_INT_CONVERSION = YES;
				CLANG_WARN_NON_LITERAL_NULL_CONVERSION = YES;
				CLANG_WARN_OBJC_IMPLICIT_RETAIN_SELF = YES;
				CLANG_WARN_OBJC_LITERAL_CONVERSION = YES;
				CLANG_WARN_OBJC_ROOT_CLASS = YES_ERROR;
				CLANG_WARN_QUOTED_INCLUDE_IN_FRAMEWORK_HEADER = YES;
				CLANG_WARN_RANGE_LOOP_ANALYSIS = YES;
				CLANG_WARN_STRICT_PROTOTYPES = YES;
				CLANG_WARN_SUSPICIOUS_MOVE = YES;
				CLANG_WARN_UNGUARDED_AVAILABILITY = YES_AGGRESSIVE;
				CLANG_WARN_UNREACHABLE_CODE = YES;
				CLANG_WARN__DUPLICATE_METHOD_MATCH = YES;
				COPY_PHASE_STRIP = NO;
				DEBUG_INFORMATION_FORMAT = "dwarf-with-dsym";
				ENABLE_NS_ASSERTIONS = NO;
				ENABLE_STRICT_OBJC_MSGSEND = YES;
				GCC_C_LANGUAGE_STANDARD = gnu11;
				GCC_NO_COMMON_BLOCKS = YES;
				GCC_WARN_64_TO_32_BIT_CONVERSION = YES;
				GCC_WARN_ABOUT_RETURN_TYPE = YES_ERROR;
				GCC_WARN_UNDECLARED_SELECTOR = YES;
				GCC_WARN_UNINITIALIZED_AUTOS = YES_AGGRESSIVE;
				GCC_WARN_UNUSED_FUNCTION = YES;
				GCC_WARN_UNUSED_VARIABLE = YES;
				IPHONEOS_DEPLOYMENT_TARGET = 14.5;
				MTL_ENABLE_DEBUG_INFO = NO;
				MTL_FAST_MATH = YES;
				SDKROOT = iphoneos;
				SWIFT_COMPILATION_MODE = wholemodule;
				SWIFT_OPTIMIZATION_LEVEL = "-O";
				VALIDATE_PRODUCT = YES;
			};
			name = Release;
		};
		B41439A126AE8D44003F2AFF /* Debug */ = {
			isa = XCBuildConfiguration;
			buildSettings = {
				ASSETCATALOG_COMPILER_APPICON_NAME = AppIcon;
				ASSETCATALOG_COMPILER_GLOBAL_ACCENT_COLOR_NAME = AccentColor;
				CODE_SIGN_STYLE = Automatic;
				INFOPLIST_FILE = BookReview/Info.plist;
				LD_RUNPATH_SEARCH_PATHS = (
					"$(inherited)",
					"@executable_path/Frameworks",
				);
				PRODUCT_BUNDLE_IDENTIFIER = com.swiftie.BookReview;
				PRODUCT_NAME = "$(TARGET_NAME)";
				SWIFT_VERSION = 5.0;
				TARGETED_DEVICE_FAMILY = "1,2";
			};
			name = Debug;
		};
		B41439A226AE8D44003F2AFF /* Release */ = {
			isa = XCBuildConfiguration;
			buildSettings = {
				ASSETCATALOG_COMPILER_APPICON_NAME = AppIcon;
				ASSETCATALOG_COMPILER_GLOBAL_ACCENT_COLOR_NAME = AccentColor;
				CODE_SIGN_STYLE = Automatic;
				INFOPLIST_FILE = BookReview/Info.plist;
				LD_RUNPATH_SEARCH_PATHS = (
					"$(inherited)",
					"@executable_path/Frameworks",
				);
				PRODUCT_BUNDLE_IDENTIFIER = com.swiftie.BookReview;
				PRODUCT_NAME = "$(TARGET_NAME)";
				SWIFT_VERSION = 5.0;
				TARGETED_DEVICE_FAMILY = "1,2";
			};
			name = Release;
		};
/* End XCBuildConfiguration section */

/* Begin XCConfigurationList section */
		B414398726AE8D42003F2AFF /* Build configuration list for PBXProject "BookReview" */ = {
			isa = XCConfigurationList;
			buildConfigurations = (
				B414399E26AE8D44003F2AFF /* Debug */,
				B414399F26AE8D44003F2AFF /* Release */,
			);
			defaultConfigurationIsVisible = 0;
			defaultConfigurationName = Release;
		};
		B41439A026AE8D44003F2AFF /* Build configuration list for PBXNativeTarget "BookReview" */ = {
			isa = XCConfigurationList;
			buildConfigurations = (
				B41439A126AE8D44003F2AFF /* Debug */,
				B41439A226AE8D44003F2AFF /* Release */,
			);
			defaultConfigurationIsVisible = 0;
			defaultConfigurationName = Release;
		};
/* End XCConfigurationList section */

/* Begin XCRemoteSwiftPackageReference section */
		B41439A326AE8EA7003F2AFF /* XCRemoteSwiftPackageReference "Alamofire" */ = {
			isa = XCRemoteSwiftPackageReference;
			repositoryURL = "https://github.com/Alamofire/Alamofire.git";
			requirement = {
				kind = upToNextMajorVersion;
				minimumVersion = 5.4.3;
			};
		};
		B41439A626AE9293003F2AFF /* XCRemoteSwiftPackageReference "SwiftyJSON" */ = {
			isa = XCRemoteSwiftPackageReference;
			repositoryURL = "https://github.com/SwiftyJSON/SwiftyJSON.git";
			requirement = {
				kind = upToNextMajorVersion;
				minimumVersion = 5.0.1;
			};
		};
/* End XCRemoteSwiftPackageReference section */

/* Begin XCSwiftPackageProductDependency section */
		B41439A426AE8EA7003F2AFF /* Alamofire */ = {
			isa = XCSwiftPackageProductDependency;
			package = B41439A326AE8EA7003F2AFF /* XCRemoteSwiftPackageReference "Alamofire" */;
			productName = Alamofire;
		};
		B41439A726AE9293003F2AFF /* SwiftyJSON */ = {
			isa = XCSwiftPackageProductDependency;
			package = B41439A626AE9293003F2AFF /* XCRemoteSwiftPackageReference "SwiftyJSON" */;
			productName = SwiftyJSON;
		};
/* End XCSwiftPackageProductDependency section */
	};
	rootObject = B414398426AE8D42003F2AFF /* Project object */;
}
