// !$*UTF8*$!
{
	archiveVersion = 1;
	classes = {
	};
	objectVersion = 52;
	objects = {

/* Begin PBXBuildFile section */
		B41439BA26AEA77E003F2AFF /* AppDelegate.swift in Sources */ = {isa = PBXBuildFile; fileRef = B41439B926AEA77E003F2AFF /* AppDelegate.swift */; };
		B41439BC26AEA77E003F2AFF /* SceneDelegate.swift in Sources */ = {isa = PBXBuildFile; fileRef = B41439BB26AEA77E003F2AFF /* SceneDelegate.swift */; };
		B41439BE26AEA77E003F2AFF /* ViewController.swift in Sources */ = {isa = PBXBuildFile; fileRef = B41439BD26AEA77E003F2AFF /* ViewController.swift */; };
		B41439C126AEA77E003F2AFF /* Main.storyboard in Resources */ = {isa = PBXBuildFile; fileRef = B41439BF26AEA77E003F2AFF /* Main.storyboard */; };
		B41439C326AEA784003F2AFF /* Assets.xcassets in Resources */ = {isa = PBXBuildFile; fileRef = B41439C226AEA784003F2AFF /* Assets.xcassets */; };
		B41439C626AEA784003F2AFF /* LaunchScreen.storyboard in Resources */ = {isa = PBXBuildFile; fileRef = B41439C426AEA784003F2AFF /* LaunchScreen.storyboard */; };
		B41439CE26AEAA94003F2AFF /* MemoCollectionViewController.swift in Sources */ = {isa = PBXBuildFile; fileRef = B41439CD26AEAA94003F2AFF /* MemoCollectionViewController.swift */; };
		B41439D026AEAADD003F2AFF /* MemoCollectionViewCell.swift in Sources */ = {isa = PBXBuildFile; fileRef = B41439CF26AEAADD003F2AFF /* MemoCollectionViewCell.swift */; };
		B41439D326AEABFA003F2AFF /* Alamofire in Frameworks */ = {isa = PBXBuildFile; productRef = B41439D226AEABFA003F2AFF /* Alamofire */; };
		B41439D626AEAC0E003F2AFF /* SwiftyJSON in Frameworks */ = {isa = PBXBuildFile; productRef = B41439D526AEAC0E003F2AFF /* SwiftyJSON */; };
		B41439D926AEAC2B003F2AFF /* SDWebImage in Frameworks */ = {isa = PBXBuildFile; productRef = B41439D826AEAC2B003F2AFF /* SDWebImage */; };
		B41439DB26AEB73E003F2AFF /* MemoDetailViewController.swift in Sources */ = {isa = PBXBuildFile; fileRef = B41439DA26AEB73E003F2AFF /* MemoDetailViewController.swift */; };
		B41439DD26AEC242003F2AFF /* MemoAddViewController.swift in Sources */ = {isa = PBXBuildFile; fileRef = B41439DC26AEC242003F2AFF /* MemoAddViewController.swift */; };
/* End PBXBuildFile section */

/* Begin PBXFileReference section */
		B41439B626AEA77E003F2AFF /* LinkMemo.app */ = {isa = PBXFileReference; explicitFileType = wrapper.application; includeInIndex = 0; path = LinkMemo.app; sourceTree = BUILT_PRODUCTS_DIR; };
		B41439B926AEA77E003F2AFF /* AppDelegate.swift */ = {isa = PBXFileReference; lastKnownFileType = sourcecode.swift; path = AppDelegate.swift; sourceTree = "<group>"; };
		B41439BB26AEA77E003F2AFF /* SceneDelegate.swift */ = {isa = PBXFileReference; lastKnownFileType = sourcecode.swift; path = SceneDelegate.swift; sourceTree = "<group>"; };
		B41439BD26AEA77E003F2AFF /* ViewController.swift */ = {isa = PBXFileReference; lastKnownFileType = sourcecode.swift; path = ViewController.swift; sourceTree = "<group>"; };
		B41439C026AEA77E003F2AFF /* Base */ = {isa = PBXFileReference; lastKnownFileType = file.storyboard; name = Base; path = Base.lproj/Main.storyboard; sourceTree = "<group>"; };
		B41439C226AEA784003F2AFF /* Assets.xcassets */ = {isa = PBXFileReference; lastKnownFileType = folder.assetcatalog; path = Assets.xcassets; sourceTree = "<group>"; };
		B41439C526AEA784003F2AFF /* Base */ = {isa = PBXFileReference; lastKnownFileType = file.storyboard; name = Base; path = Base.lproj/LaunchScreen.storyboard; sourceTree = "<group>"; };
		B41439C726AEA784003F2AFF /* Info.plist */ = {isa = PBXFileReference; lastKnownFileType = text.plist.xml; path = Info.plist; sourceTree = "<group>"; };
		B41439CD26AEAA94003F2AFF /* MemoCollectionViewController.swift */ = {isa = PBXFileReference; lastKnownFileType = sourcecode.swift; path = MemoCollectionViewController.swift; sourceTree = "<group>"; };
		B41439CF26AEAADD003F2AFF /* MemoCollectionViewCell.swift */ = {isa = PBXFileReference; lastKnownFileType = sourcecode.swift; path = MemoCollectionViewCell.swift; sourceTree = "<group>"; };
		B41439DA26AEB73E003F2AFF /* MemoDetailViewController.swift */ = {isa = PBXFileReference; lastKnownFileType = sourcecode.swift; path = MemoDetailViewController.swift; sourceTree = "<group>"; };
		B41439DC26AEC242003F2AFF /* MemoAddViewController.swift */ = {isa = PBXFileReference; lastKnownFileType = sourcecode.swift; path = MemoAddViewController.swift; sourceTree = "<group>"; };
/* End PBXFileReference section */

/* Begin PBXFrameworksBuildPhase section */
		B41439B326AEA77E003F2AFF /* Frameworks */ = {
			isa = PBXFrameworksBuildPhase;
			buildActionMask = 2147483647;
			files = (
				B41439D926AEAC2B003F2AFF /* SDWebImage in Frameworks */,
				B41439D626AEAC0E003F2AFF /* SwiftyJSON in Frameworks */,
				B41439D326AEABFA003F2AFF /* Alamofire in Frameworks */,
			);
			runOnlyForDeploymentPostprocessing = 0;
		};
/* End PBXFrameworksBuildPhase section */

/* Begin PBXGroup section */
		B41439AD26AEA77E003F2AFF = {
			isa = PBXGroup;
			children = (
				B41439B826AEA77E003F2AFF /* LinkMemo */,
				B41439B726AEA77E003F2AFF /* Products */,
			);
			sourceTree = "<group>";
		};
		B41439B726AEA77E003F2AFF /* Products */ = {
			isa = PBXGroup;
			children = (
				B41439B626AEA77E003F2AFF /* LinkMemo.app */,
			);
			name = Products;
			sourceTree = "<group>";
		};
		B41439B826AEA77E003F2AFF /* LinkMemo */ = {
			isa = PBXGroup;
			children = (
				B41439B926AEA77E003F2AFF /* AppDelegate.swift */,
				B41439BB26AEA77E003F2AFF /* SceneDelegate.swift */,
				B41439BD26AEA77E003F2AFF /* ViewController.swift */,
				B41439BF26AEA77E003F2AFF /* Main.storyboard */,
				B41439C226AEA784003F2AFF /* Assets.xcassets */,
				B41439C426AEA784003F2AFF /* LaunchScreen.storyboard */,
				B41439C726AEA784003F2AFF /* Info.plist */,
				B41439CD26AEAA94003F2AFF /* MemoCollectionViewController.swift */,
				B41439CF26AEAADD003F2AFF /* MemoCollectionViewCell.swift */,
				B41439DA26AEB73E003F2AFF /* MemoDetailViewController.swift */,
				B41439DC26AEC242003F2AFF /* MemoAddViewController.swift */,
			);
			path = LinkMemo;
			sourceTree = "<group>";
		};
/* End PBXGroup section */

/* Begin PBXNativeTarget section */
		B41439B526AEA77E003F2AFF /* LinkMemo */ = {
			isa = PBXNativeTarget;
			buildConfigurationList = B41439CA26AEA784003F2AFF /* Build configuration list for PBXNativeTarget "LinkMemo" */;
			buildPhases = (
				B41439B226AEA77E003F2AFF /* Sources */,
				B41439B326AEA77E003F2AFF /* Frameworks */,
				B41439B426AEA77E003F2AFF /* Resources */,
			);
			buildRules = (
			);
			dependencies = (
			);
			name = LinkMemo;
			packageProductDependencies = (
				B41439D226AEABFA003F2AFF /* Alamofire */,
				B41439D526AEAC0E003F2AFF /* SwiftyJSON */,
				B41439D826AEAC2B003F2AFF /* SDWebImage */,
			);
			productName = LinkMemo;
			productReference = B41439B626AEA77E003F2AFF /* LinkMemo.app */;
			productType = "com.apple.product-type.application";
		};
/* End PBXNativeTarget section */

/* Begin PBXProject section */
		B41439AE26AEA77E003F2AFF /* Project object */ = {
			isa = PBXProject;
			attributes = {
				LastSwiftUpdateCheck = 1250;
				LastUpgradeCheck = 1250;
				TargetAttributes = {
					B41439B526AEA77E003F2AFF = {
						CreatedOnToolsVersion = 12.5.1;
					};
				};
			};
			buildConfigurationList = B41439B126AEA77E003F2AFF /* Build configuration list for PBXProject "LinkMemo" */;
			compatibilityVersion = "Xcode 9.3";
			developmentRegion = en;
			hasScannedForEncodings = 0;
			knownRegions = (
				en,
				Base,
			);
			mainGroup = B41439AD26AEA77E003F2AFF;
			packageReferences = (
				B41439D126AEABFA003F2AFF /* XCRemoteSwiftPackageReference "Alamofire" */,
				B41439D426AEAC0E003F2AFF /* XCRemoteSwiftPackageReference "SwiftyJSON" */,
				B41439D726AEAC2A003F2AFF /* XCRemoteSwiftPackageReference "SDWebImage" */,
			);
			productRefGroup = B41439B726AEA77E003F2AFF /* Products */;
			projectDirPath = "";
			projectRoot = "";
			targets = (
				B41439B526AEA77E003F2AFF /* LinkMemo */,
			);
		};
/* End PBXProject section */

/* Begin PBXResourcesBuildPhase section */
		B41439B426AEA77E003F2AFF /* Resources */ = {
			isa = PBXResourcesBuildPhase;
			buildActionMask = 2147483647;
			files = (
				B41439C626AEA784003F2AFF /* LaunchScreen.storyboard in Resources */,
				B41439C326AEA784003F2AFF /* Assets.xcassets in Resources */,
				B41439C126AEA77E003F2AFF /* Main.storyboard in Resources */,
			);
			runOnlyForDeploymentPostprocessing = 0;
		};
/* End PBXResourcesBuildPhase section */

/* Begin PBXSourcesBuildPhase section */
		B41439B226AEA77E003F2AFF /* Sources */ = {
			isa = PBXSourcesBuildPhase;
			buildActionMask = 2147483647;
			files = (
				B41439D026AEAADD003F2AFF /* MemoCollectionViewCell.swift in Sources */,
				B41439DB26AEB73E003F2AFF /* MemoDetailViewController.swift in Sources */,
				B41439BE26AEA77E003F2AFF /* ViewController.swift in Sources */,
				B41439BA26AEA77E003F2AFF /* AppDelegate.swift in Sources */,
				B41439DD26AEC242003F2AFF /* MemoAddViewController.swift in Sources */,
				B41439CE26AEAA94003F2AFF /* MemoCollectionViewController.swift in Sources */,
				B41439BC26AEA77E003F2AFF /* SceneDelegate.swift in Sources */,
			);
			runOnlyForDeploymentPostprocessing = 0;
		};
/* End PBXSourcesBuildPhase section */

/* Begin PBXVariantGroup section */
		B41439BF26AEA77E003F2AFF /* Main.storyboard */ = {
			isa = PBXVariantGroup;
			children = (
				B41439C026AEA77E003F2AFF /* Base */,
			);
			name = Main.storyboard;
			sourceTree = "<group>";
		};
		B41439C426AEA784003F2AFF /* LaunchScreen.storyboard */ = {
			isa = PBXVariantGroup;
			children = (
				B41439C526AEA784003F2AFF /* Base */,
			);
			name = LaunchScreen.storyboard;
			sourceTree = "<group>";
		};
/* End PBXVariantGroup section */

/* Begin XCBuildConfiguration section */
		B41439C826AEA784003F2AFF /* Debug */ = {
			isa = XCBuildConfiguration;
			buildSettings = {
				ALWAYS_SEARCH_USER_PATHS = NO;
				CLANG_ANALYZER_NONNULL = YES;
				CLANG_ANALYZER_NUMBER_OBJECT_CONVERSION = YES_AGGRESSIVE;
				CLANG_CXX_LANGUAGE_STANDARD = "gnu++14";
				CLANG_CXX_LIBRARY = "libc++";
				CLANG_ENABLE_MODULES = YES;
				CLANG_ENABLE_OBJC_ARC = YES;
				CLANG_ENABLE_OBJC_WEAK = YES;
				CLANG_WARN_BLOCK_CAPTURE_AUTORELEASING = YES;
				CLANG_WARN_BOOL_CONVERSION = YES;
				CLANG_WARN_COMMA = YES;
				CLANG_WARN_CONSTANT_CONVERSION = YES;
				CLANG_WARN_DEPRECATED_OBJC_IMPLEMENTATIONS = YES;
				CLANG_WARN_DIRECT_OBJC_ISA_USAGE = YES_ERROR;
				CLANG_WARN_DOCUMENTATION_COMMENTS = YES;
				CLANG_WARN_EMPTY_BODY = YES;
				CLANG_WARN_ENUM_CONVERSION = YES;
				CLANG_WARN_INFINITE_RECURSION = YES;
				CLANG_WARN_INT_CONVERSION = YES;
				CLANG_WARN_NON_LITERAL_NULL_CONVERSION = YES;
				CLANG_WARN_OBJC_IMPLICIT_RETAIN_SELF = YES;
				CLANG_WARN_OBJC_LITERAL_CONVERSION = YES;
				CLANG_WARN_OBJC_ROOT_CLASS = YES_ERROR;
				CLANG_WARN_QUOTED_INCLUDE_IN_FRAMEWORK_HEADER = YES;
				CLANG_WARN_RANGE_LOOP_ANALYSIS = YES;
				CLANG_WARN_STRICT_PROTOTYPES = YES;
				CLANG_WARN_SUSPICIOUS_MOVE = YES;
				CLANG_WARN_UNGUARDED_AVAILABILITY = YES_AGGRESSIVE;
				CLANG_WARN_UNREACHABLE_CODE = YES;
				CLANG_WARN__DUPLICATE_METHOD_MATCH = YES;
				COPY_PHASE_STRIP = NO;
				DEBUG_INFORMATION_FORMAT = dwarf;
				ENABLE_STRICT_OBJC_MSGSEND = YES;
				ENABLE_TESTABILITY = YES;
				GCC_C_LANGUAGE_STANDARD = gnu11;
				GCC_DYNAMIC_NO_PIC = NO;
				GCC_NO_COMMON_BLOCKS = YES;
				GCC_OPTIMIZATION_LEVEL = 0;
				GCC_PREPROCESSOR_DEFINITIONS = (
					"DEBUG=1",
					"$(inherited)",
				);
				GCC_WARN_64_TO_32_BIT_CONVERSION = YES;
				GCC_WARN_ABOUT_RETURN_TYPE = YES_ERROR;
				GCC_WARN_UNDECLARED_SELECTOR = YES;
				GCC_WARN_UNINITIALIZED_AUTOS = YES_AGGRESSIVE;
				GCC_WARN_UNUSED_FUNCTION = YES;
				GCC_WARN_UNUSED_VARIABLE = YES;
				IPHONEOS_DEPLOYMENT_TARGET = 14.5;
				MTL_ENABLE_DEBUG_INFO = INCLUDE_SOURCE;
				MTL_FAST_MATH = YES;
				ONLY_ACTIVE_ARCH = YES;
				SDKROOT = iphoneos;
				SWIFT_ACTIVE_COMPILATION_CONDITIONS = DEBUG;
				SWIFT_OPTIMIZATION_LEVEL = "-Onone";
			};
			name = Debug;
		};
		B41439C926AEA784003F2AFF /* Release */ = {
			isa = XCBuildConfiguration;
			buildSettings = {
				ALWAYS_SEARCH_USER_PATHS = NO;
				CLANG_ANALYZER_NONNULL = YES;
				CLANG_ANALYZER_NUMBER_OBJECT_CONVERSION = YES_AGGRESSIVE;
				CLANG_CXX_LANGUAGE_STANDARD = "gnu++14";
				CLANG_CXX_LIBRARY = "libc++";
				CLANG_ENABLE_MODULES = YES;
				CLANG_ENABLE_OBJC_ARC = YES;
				CLANG_ENABLE_OBJC_WEAK = YES;
				CLANG_WARN_BLOCK_CAPTURE_AUTORELEASING = YES;
				CLANG_WARN_BOOL_CONVERSION = YES;
				CLANG_WARN_COMMA = YES;
				CLANG_WARN_CONSTANT_CONVERSION = YES;
				CLANG_WARN_DEPRECATED_OBJC_IMPLEMENTATIONS = YES;
				CLANG_WARN_DIRECT_OBJC_ISA_USAGE = YES_ERROR;
				CLANG_WARN_DOCUMENTATION_COMMENTS = YES;
				CLANG_WARN_EMPTY_BODY = YES;
				CLANG_WARN_ENUM_CONVERSION = YES;
				CLANG_WARN_INFINITE_RECURSION = YES;
				CLANG_WARN_INT_CONVERSION = YES;
				CLANG_WARN_NON_LITERAL_NULL_CONVERSION = YES;
				CLANG_WARN_OBJC_IMPLICIT_RETAIN_SELF = YES;
				CLANG_WARN_OBJC_LITERAL_CONVERSION = YES;
				CLANG_WARN_OBJC_ROOT_CLASS = YES_ERROR;
				CLANG_WARN_QUOTED_INCLUDE_IN_FRAMEWORK_HEADER = YES;
				CLANG_WARN_RANGE_LOOP_ANALYSIS = YES;
				CLANG_WARN_STRICT_PROTOTYPES = YES;
				CLANG_WARN_SUSPICIOUS_MOVE = YES;
				CLANG_WARN_UNGUARDED_AVAILABILITY = YES_AGGRESSIVE;
				CLANG_WARN_UNREACHABLE_CODE = YES;
				CLANG_WARN__DUPLICATE_METHOD_MATCH = YES;
				COPY_PHASE_STRIP = NO;
				DEBUG_INFORMATION_FORMAT = "dwarf-with-dsym";
				ENABLE_NS_ASSERTIONS = NO;
				ENABLE_STRICT_OBJC_MSGSEND = YES;
				GCC_C_LANGUAGE_STANDARD = gnu11;
				GCC_NO_COMMON_BLOCKS = YES;
				GCC_WARN_64_TO_32_BIT_CONVERSION = YES;
				GCC_WARN_ABOUT_RETURN_TYPE = YES_ERROR;
				GCC_WARN_UNDECLARED_SELECTOR = YES;
				GCC_WARN_UNINITIALIZED_AUTOS = YES_AGGRESSIVE;
				GCC_WARN_UNUSED_FUNCTION = YES;
				GCC_WARN_UNUSED_VARIABLE = YES;
				IPHONEOS_DEPLOYMENT_TARGET = 14.5;
				MTL_ENABLE_DEBUG_INFO = NO;
				MTL_FAST_MATH = YES;
				SDKROOT = iphoneos;
				SWIFT_COMPILATION_MODE = wholemodule;
				SWIFT_OPTIMIZATION_LEVEL = "-O";
				VALIDATE_PRODUCT = YES;
			};
			name = Release;
		};
		B41439CB26AEA784003F2AFF /* Debug */ = {
			isa = XCBuildConfiguration;
			buildSettings = {
				ASSETCATALOG_COMPILER_APPICON_NAME = AppIcon;
				ASSETCATALOG_COMPILER_GLOBAL_ACCENT_COLOR_NAME = AccentColor;
				CODE_SIGN_STYLE = Automatic;
				INFOPLIST_FILE = LinkMemo/Info.plist;
				LD_RUNPATH_SEARCH_PATHS = (
					"$(inherited)",
					"@executable_path/Frameworks",
				);
				PRODUCT_BUNDLE_IDENTIFIER = com.swiftie.LinkMemo;
				PRODUCT_NAME = "$(TARGET_NAME)";
				SWIFT_VERSION = 5.0;
				TARGETED_DEVICE_FAMILY = "1,2";
			};
			name = Debug;
		};
		B41439CC26AEA784003F2AFF /* Release */ = {
			isa = XCBuildConfiguration;
			buildSettings = {
				ASSETCATALOG_COMPILER_APPICON_NAME = AppIcon;
				ASSETCATALOG_COMPILER_GLOBAL_ACCENT_COLOR_NAME = AccentColor;
				CODE_SIGN_STYLE = Automatic;
				INFOPLIST_FILE = LinkMemo/Info.plist;
				LD_RUNPATH_SEARCH_PATHS = (
					"$(inherited)",
					"@executable_path/Frameworks",
				);
				PRODUCT_BUNDLE_IDENTIFIER = com.swiftie.LinkMemo;
				PRODUCT_NAME = "$(TARGET_NAME)";
				SWIFT_VERSION = 5.0;
				TARGETED_DEVICE_FAMILY = "1,2";
			};
			name = Release;
		};
/* End XCBuildConfiguration section */

/* Begin XCConfigurationList section */
		B41439B126AEA77E003F2AFF /* Build configuration list for PBXProject "LinkMemo" */ = {
			isa = XCConfigurationList;
			buildConfigurations = (
				B41439C826AEA784003F2AFF /* Debug */,
				B41439C926AEA784003F2AFF /* Release */,
			);
			defaultConfigurationIsVisible = 0;
			defaultConfigurationName = Release;
		};
		B41439CA26AEA784003F2AFF /* Build configuration list for PBXNativeTarget "LinkMemo" */ = {
			isa = XCConfigurationList;
			buildConfigurations = (
				B41439CB26AEA784003F2AFF /* Debug */,
				B41439CC26AEA784003F2AFF /* Release */,
			);
			defaultConfigurationIsVisible = 0;
			defaultConfigurationName = Release;
		};
/* End XCConfigurationList section */

/* Begin XCRemoteSwiftPackageReference section */
		B41439D126AEABFA003F2AFF /* XCRemoteSwiftPackageReference "Alamofire" */ = {
			isa = XCRemoteSwiftPackageReference;
			repositoryURL = "https://github.com/Alamofire/Alamofire.git";
			requirement = {
				kind = upToNextMajorVersion;
				minimumVersion = 5.4.3;
			};
		};
		B41439D426AEAC0E003F2AFF /* XCRemoteSwiftPackageReference "SwiftyJSON" */ = {
			isa = XCRemoteSwiftPackageReference;
			repositoryURL = "https://github.com/SwiftyJSON/SwiftyJSON.git";
			requirement = {
				kind = upToNextMajorVersion;
				minimumVersion = 5.0.1;
			};
		};
		B41439D726AEAC2A003F2AFF /* XCRemoteSwiftPackageReference "SDWebImage" */ = {
			isa = XCRemoteSwiftPackageReference;
			repositoryURL = "https://github.com/SDWebImage/SDWebImage.git";
			requirement = {
				kind = upToNextMajorVersion;
				minimumVersion = 5.11.1;
			};
		};
/* End XCRemoteSwiftPackageReference section */

/* Begin XCSwiftPackageProductDependency section */
		B41439D226AEABFA003F2AFF /* Alamofire */ = {
			isa = XCSwiftPackageProductDependency;
			package = B41439D126AEABFA003F2AFF /* XCRemoteSwiftPackageReference "Alamofire" */;
			productName = Alamofire;
		};
		B41439D526AEAC0E003F2AFF /* SwiftyJSON */ = {
			isa = XCSwiftPackageProductDependency;
			package = B41439D426AEAC0E003F2AFF /* XCRemoteSwiftPackageReference "SwiftyJSON" */;
			productName = SwiftyJSON;
		};
		B41439D826AEAC2B003F2AFF /* SDWebImage */ = {
			isa = XCSwiftPackageProductDependency;
			package = B41439D726AEAC2A003F2AFF /* XCRemoteSwiftPackageReference "SDWebImage" */;
			productName = SDWebImage;
		};
/* End XCSwiftPackageProductDependency section */
	};
	rootObject = B41439AE26AEA77E003F2AFF /* Project object */;
}
