// !$*UTF8*$!
{
	archiveVersion = 1;
	classes = {
	};
	objectVersion = 50;
	objects = {

/* Begin PBXBuildFile section */
		B442A37926D75A1600560089 /* AppDelegate.swift in Sources */ = {isa = PBXBuildFile; fileRef = B442A37826D75A1600560089 /* AppDelegate.swift */; };
		B442A37B26D75A1600560089 /* SceneDelegate.swift in Sources */ = {isa = PBXBuildFile; fileRef = B442A37A26D75A1600560089 /* SceneDelegate.swift */; };
		B442A37D26D75A1600560089 /* ViewController.swift in Sources */ = {isa = PBXBuildFile; fileRef = B442A37C26D75A1600560089 /* ViewController.swift */; };
		B442A38026D75A1600560089 /* Main.storyboard in Resources */ = {isa = PBXBuildFile; fileRef = B442A37E26D75A1600560089 /* Main.storyboard */; };
		B442A38226D75A1700560089 /* Assets.xcassets in Resources */ = {isa = PBXBuildFile; fileRef = B442A38126D75A1700560089 /* Assets.xcassets */; };
		B442A38526D75A1700560089 /* LaunchScreen.storyboard in Resources */ = {isa = PBXBuildFile; fileRef = B442A38326D75A1700560089 /* LaunchScreen.storyboard */; };
/* End PBXBuildFile section */

/* Begin PBXFileReference section */
		B442A37526D75A1600560089 /* DrawFlowerGraphic (DrawGraphics_mission).app */ = {isa = PBXFileReference; explicitFileType = wrapper.application; includeInIndex = 0; path = "DrawFlowerGraphic (DrawGraphics_mission).app"; sourceTree = BUILT_PRODUCTS_DIR; };
		B442A37826D75A1600560089 /* AppDelegate.swift */ = {isa = PBXFileReference; lastKnownFileType = sourcecode.swift; path = AppDelegate.swift; sourceTree = "<group>"; };
		B442A37A26D75A1600560089 /* SceneDelegate.swift */ = {isa = PBXFileReference; lastKnownFileType = sourcecode.swift; path = SceneDelegate.swift; sourceTree = "<group>"; };
		B442A37C26D75A1600560089 /* ViewController.swift */ = {isa = PBXFileReference; lastKnownFileType = sourcecode.swift; path = ViewController.swift; sourceTree = "<group>"; };
		B442A37F26D75A1600560089 /* Base */ = {isa = PBXFileReference; lastKnownFileType = file.storyboard; name = Base; path = Base.lproj/Main.storyboard; sourceTree = "<group>"; };
		B442A38126D75A1700560089 /* Assets.xcassets */ = {isa = PBXFileReference; lastKnownFileType = folder.assetcatalog; path = Assets.xcassets; sourceTree = "<group>"; };
		B442A38426D75A1700560089 /* Base */ = {isa = PBXFileReference; lastKnownFileType = file.storyboard; name = Base; path = Base.lproj/LaunchScreen.storyboard; sourceTree = "<group>"; };
		B442A38626D75A1700560089 /* Info.plist */ = {isa = PBXFileReference; lastKnownFileType = text.plist.xml; path = Info.plist; sourceTree = "<group>"; };
/* End PBXFileReference section */

/* Begin PBXFrameworksBuildPhase section */
		B442A37226D75A1600560089 /* Frameworks */ = {
			isa = PBXFrameworksBuildPhase;
			buildActionMask = 2147483647;
			files = (
			);
			runOnlyForDeploymentPostprocessing = 0;
		};
/* End PBXFrameworksBuildPhase section */

/* Begin PBXGroup section */
		B442A36C26D75A1600560089 = {
			isa = PBXGroup;
			children = (
				B442A37726D75A1600560089 /* DrawFlowerGraphic (DrawGraphics_mission) */,
				B442A37626D75A1600560089 /* Products */,
			);
			sourceTree = "<group>";
		};
		B442A37626D75A1600560089 /* Products */ = {
			isa = PBXGroup;
			children = (
				B442A37526D75A1600560089 /* DrawFlowerGraphic (DrawGraphics_mission).app */,
			);
			name = Products;
			sourceTree = "<group>";
		};
		B442A37726D75A1600560089 /* DrawFlowerGraphic (DrawGraphics_mission) */ = {
			isa = PBXGroup;
			children = (
				B442A37826D75A1600560089 /* AppDelegate.swift */,
				B442A37A26D75A1600560089 /* SceneDelegate.swift */,
				B442A37C26D75A1600560089 /* ViewController.swift */,
				B442A37E26D75A1600560089 /* Main.storyboard */,
				B442A38126D75A1700560089 /* Assets.xcassets */,
				B442A38326D75A1700560089 /* LaunchScreen.storyboard */,
				B442A38626D75A1700560089 /* Info.plist */,
			);
			path = "DrawFlowerGraphic (DrawGraphics_mission)";
			sourceTree = "<group>";
		};
/* End PBXGroup section */

/* Begin PBXNativeTarget section */
		B442A37426D75A1600560089 /* DrawFlowerGraphic (DrawGraphics_mission) */ = {
			isa = PBXNativeTarget;
			buildConfigurationList = B442A38926D75A1700560089 /* Build configuration list for PBXNativeTarget "DrawFlowerGraphic (DrawGraphics_mission)" */;
			buildPhases = (
				B442A37126D75A1600560089 /* Sources */,
				B442A37226D75A1600560089 /* Frameworks */,
				B442A37326D75A1600560089 /* Resources */,
			);
			buildRules = (
			);
			dependencies = (
			);
			name = "DrawFlowerGraphic (DrawGraphics_mission)";
			productName = "DrawFlowerGraphic (DrawGraphics_mission)";
			productReference = B442A37526D75A1600560089 /* DrawFlowerGraphic (DrawGraphics_mission).app */;
			productType = "com.apple.product-type.application";
		};
/* End PBXNativeTarget section */

/* Begin PBXProject section */
		B442A36D26D75A1600560089 /* Project object */ = {
			isa = PBXProject;
			attributes = {
				LastSwiftUpdateCheck = 1250;
				LastUpgradeCheck = 1250;
				TargetAttributes = {
					B442A37426D75A1600560089 = {
						CreatedOnToolsVersion = 12.5.1;
					};
				};
			};
			buildConfigurationList = B442A37026D75A1600560089 /* Build configuration list for PBXProject "DrawFlowerGraphic (DrawGraphics_mission)" */;
			compatibilityVersion = "Xcode 9.3";
			developmentRegion = en;
			hasScannedForEncodings = 0;
			knownRegions = (
				en,
				Base,
			);
			mainGroup = B442A36C26D75A1600560089;
			productRefGroup = B442A37626D75A1600560089 /* Products */;
			projectDirPath = "";
			projectRoot = "";
			targets = (
				B442A37426D75A1600560089 /* DrawFlowerGraphic (DrawGraphics_mission) */,
			);
		};
/* End PBXProject section */

/* Begin PBXResourcesBuildPhase section */
		B442A37326D75A1600560089 /* Resources */ = {
			isa = PBXResourcesBuildPhase;
			buildActionMask = 2147483647;
			files = (
				B442A38526D75A1700560089 /* LaunchScreen.storyboard in Resources */,
				B442A38226D75A1700560089 /* Assets.xcassets in Resources */,
				B442A38026D75A1600560089 /* Main.storyboard in Resources */,
			);
			runOnlyForDeploymentPostprocessing = 0;
		};
/* End PBXResourcesBuildPhase section */

/* Begin PBXSourcesBuildPhase section */
		B442A37126D75A1600560089 /* Sources */ = {
			isa = PBXSourcesBuildPhase;
			buildActionMask = 2147483647;
			files = (
				B442A37D26D75A1600560089 /* ViewController.swift in Sources */,
				B442A37926D75A1600560089 /* AppDelegate.swift in Sources */,
				B442A37B26D75A1600560089 /* SceneDelegate.swift in Sources */,
			);
			runOnlyForDeploymentPostprocessing = 0;
		};
/* End PBXSourcesBuildPhase section */

/* Begin PBXVariantGroup section */
		B442A37E26D75A1600560089 /* Main.storyboard */ = {
			isa = PBXVariantGroup;
			children = (
				B442A37F26D75A1600560089 /* Base */,
			);
			name = Main.storyboard;
			sourceTree = "<group>";
		};
		B442A38326D75A1700560089 /* LaunchScreen.storyboard */ = {
			isa = PBXVariantGroup;
			children = (
				B442A38426D75A1700560089 /* Base */,
			);
			name = LaunchScreen.storyboard;
			sourceTree = "<group>";
		};
/* End PBXVariantGroup section */

/* Begin XCBuildConfiguration section */
		B442A38726D75A1700560089 /* Debug */ = {
			isa = XCBuildConfiguration;
			buildSettings = {
				ALWAYS_SEARCH_USER_PATHS = NO;
				CLANG_ANALYZER_NONNULL = YES;
				CLANG_ANALYZER_NUMBER_OBJECT_CONVERSION = YES_AGGRESSIVE;
				CLANG_CXX_LANGUAGE_STANDARD = "gnu++14";
				CLANG_CXX_LIBRARY = "libc++";
				CLANG_ENABLE_MODULES = YES;
				CLANG_ENABLE_OBJC_ARC = YES;
				CLANG_ENABLE_OBJC_WEAK = YES;
				CLANG_WARN_BLOCK_CAPTURE_AUTORELEASING = YES;
				CLANG_WARN_BOOL_CONVERSION = YES;
				CLANG_WARN_COMMA = YES;
				CLANG_WARN_CONSTANT_CONVERSION = YES;
				CLANG_WARN_DEPRECATED_OBJC_IMPLEMENTATIONS = YES;
				CLANG_WARN_DIRECT_OBJC_ISA_USAGE = YES_ERROR;
				CLANG_WARN_DOCUMENTATION_COMMENTS = YES;
				CLANG_WARN_EMPTY_BODY = YES;
				CLANG_WARN_ENUM_CONVERSION = YES;
				CLANG_WARN_INFINITE_RECURSION = YES;
				CLANG_WARN_INT_CONVERSION = YES;
				CLANG_WARN_NON_LITERAL_NULL_CONVERSION = YES;
				CLANG_WARN_OBJC_IMPLICIT_RETAIN_SELF = YES;
				CLANG_WARN_OBJC_LITERAL_CONVERSION = YES;
				CLANG_WARN_OBJC_ROOT_CLASS = YES_ERROR;
				CLANG_WARN_QUOTED_INCLUDE_IN_FRAMEWORK_HEADER = YES;
				CLANG_WARN_RANGE_LOOP_ANALYSIS = YES;
				CLANG_WARN_STRICT_PROTOTYPES = YES;
				CLANG_WARN_SUSPICIOUS_MOVE = YES;
				CLANG_WARN_UNGUARDED_AVAILABILITY = YES_AGGRESSIVE;
				CLANG_WARN_UNREACHABLE_CODE = YES;
				CLANG_WARN__DUPLICATE_METHOD_MATCH = YES;
				COPY_PHASE_STRIP = NO;
				DEBUG_INFORMATION_FORMAT = dwarf;
				ENABLE_STRICT_OBJC_MSGSEND = YES;
				ENABLE_TESTABILITY = YES;
				GCC_C_LANGUAGE_STANDARD = gnu11;
				GCC_DYNAMIC_NO_PIC = NO;
				GCC_NO_COMMON_BLOCKS = YES;
				GCC_OPTIMIZATION_LEVEL = 0;
				GCC_PREPROCESSOR_DEFINITIONS = (
					"DEBUG=1",
					"$(inherited)",
				);
				GCC_WARN_64_TO_32_BIT_CONVERSION = YES;
				GCC_WARN_ABOUT_RETURN_TYPE = YES_ERROR;
				GCC_WARN_UNDECLARED_SELECTOR = YES;
				GCC_WARN_UNINITIALIZED_AUTOS = YES_AGGRESSIVE;
				GCC_WARN_UNUSED_FUNCTION = YES;
				GCC_WARN_UNUSED_VARIABLE = YES;
				IPHONEOS_DEPLOYMENT_TARGET = 14.5;
				MTL_ENABLE_DEBUG_INFO = INCLUDE_SOURCE;
				MTL_FAST_MATH = YES;
				ONLY_ACTIVE_ARCH = YES;
				SDKROOT = iphoneos;
				SWIFT_ACTIVE_COMPILATION_CONDITIONS = DEBUG;
				SWIFT_OPTIMIZATION_LEVEL = "-Onone";
			};
			name = Debug;
		};
		B442A38826D75A1700560089 /* Release */ = {
			isa = XCBuildConfiguration;
			buildSettings = {
				ALWAYS_SEARCH_USER_PATHS = NO;
				CLANG_ANALYZER_NONNULL = YES;
				CLANG_ANALYZER_NUMBER_OBJECT_CONVERSION = YES_AGGRESSIVE;
				CLANG_CXX_LANGUAGE_STANDARD = "gnu++14";
				CLANG_CXX_LIBRARY = "libc++";
				CLANG_ENABLE_MODULES = YES;
				CLANG_ENABLE_OBJC_ARC = YES;
				CLANG_ENABLE_OBJC_WEAK = YES;
				CLANG_WARN_BLOCK_CAPTURE_AUTORELEASING = YES;
				CLANG_WARN_BOOL_CONVERSION = YES;
				CLANG_WARN_COMMA = YES;
				CLANG_WARN_CONSTANT_CONVERSION = YES;
				CLANG_WARN_DEPRECATED_OBJC_IMPLEMENTATIONS = YES;
				CLANG_WARN_DIRECT_OBJC_ISA_USAGE = YES_ERROR;
				CLANG_WARN_DOCUMENTATION_COMMENTS = YES;
				CLANG_WARN_EMPTY_BODY = YES;
				CLANG_WARN_ENUM_CONVERSION = YES;
				CLANG_WARN_INFINITE_RECURSION = YES;
				CLANG_WARN_INT_CONVERSION = YES;
				CLANG_WARN_NON_LITERAL_NULL_CONVERSION = YES;
				CLANG_WARN_OBJC_IMPLICIT_RETAIN_SELF = YES;
				CLANG_WARN_OBJC_LITERAL_CONVERSION = YES;
				CLANG_WARN_OBJC_ROOT_CLASS = YES_ERROR;
				CLANG_WARN_QUOTED_INCLUDE_IN_FRAMEWORK_HEADER = YES;
				CLANG_WARN_RANGE_LOOP_ANALYSIS = YES;
				CLANG_WARN_STRICT_PROTOTYPES = YES;
				CLANG_WARN_SUSPICIOUS_MOVE = YES;
				CLANG_WARN_UNGUARDED_AVAILABILITY = YES_AGGRESSIVE;
				CLANG_WARN_UNREACHABLE_CODE = YES;
				CLANG_WARN__DUPLICATE_METHOD_MATCH = YES;
				COPY_PHASE_STRIP = NO;
				DEBUG_INFORMATION_FORMAT = "dwarf-with-dsym";
				ENABLE_NS_ASSERTIONS = NO;
				ENABLE_STRICT_OBJC_MSGSEND = YES;
				GCC_C_LANGUAGE_STANDARD = gnu11;
				GCC_NO_COMMON_BLOCKS = YES;
				GCC_WARN_64_TO_32_BIT_CONVERSION = YES;
				GCC_WARN_ABOUT_RETURN_TYPE = YES_ERROR;
				GCC_WARN_UNDECLARED_SELECTOR = YES;
				GCC_WARN_UNINITIALIZED_AUTOS = YES_AGGRESSIVE;
				GCC_WARN_UNUSED_FUNCTION = YES;
				GCC_WARN_UNUSED_VARIABLE = YES;
				IPHONEOS_DEPLOYMENT_TARGET = 14.5;
				MTL_ENABLE_DEBUG_INFO = NO;
				MTL_FAST_MATH = YES;
				SDKROOT = iphoneos;
				SWIFT_COMPILATION_MODE = wholemodule;
				SWIFT_OPTIMIZATION_LEVEL = "-O";
				VALIDATE_PRODUCT = YES;
			};
			name = Release;
		};
		B442A38A26D75A1700560089 /* Debug */ = {
			isa = XCBuildConfiguration;
			buildSettings = {
				ASSETCATALOG_COMPILER_APPICON_NAME = AppIcon;
				ASSETCATALOG_COMPILER_GLOBAL_ACCENT_COLOR_NAME = AccentColor;
				CODE_SIGN_STYLE = Automatic;
				INFOPLIST_FILE = "DrawFlowerGraphic (DrawGraphics_mission)/Info.plist";
				LD_RUNPATH_SEARCH_PATHS = (
					"$(inherited)",
					"@executable_path/Frameworks",
				);
				PRODUCT_BUNDLE_IDENTIFIER = "com.swiftie.DrawFlowerGraphic--DrawGraphics-mission-";
				PRODUCT_NAME = "$(TARGET_NAME)";
				SWIFT_VERSION = 5.0;
				TARGETED_DEVICE_FAMILY = "1,2";
			};
			name = Debug;
		};
		B442A38B26D75A1700560089 /* Release */ = {
			isa = XCBuildConfiguration;
			buildSettings = {
				ASSETCATALOG_COMPILER_APPICON_NAME = AppIcon;
				ASSETCATALOG_COMPILER_GLOBAL_ACCENT_COLOR_NAME = AccentColor;
				CODE_SIGN_STYLE = Automatic;
				INFOPLIST_FILE = "DrawFlowerGraphic (DrawGraphics_mission)/Info.plist";
				LD_RUNPATH_SEARCH_PATHS = (
					"$(inherited)",
					"@executable_path/Frameworks",
				);
				PRODUCT_BUNDLE_IDENTIFIER = "com.swiftie.DrawFlowerGraphic--DrawGraphics-mission-";
				PRODUCT_NAME = "$(TARGET_NAME)";
				SWIFT_VERSION = 5.0;
				TARGETED_DEVICE_FAMILY = "1,2";
			};
			name = Release;
		};
/* End XCBuildConfiguration section */

/* Begin XCConfigurationList section */
		B442A37026D75A1600560089 /* Build configuration list for PBXProject "DrawFlowerGraphic (DrawGraphics_mission)" */ = {
			isa = XCConfigurationList;
			buildConfigurations = (
				B442A38726D75A1700560089 /* Debug */,
				B442A38826D75A1700560089 /* Release */,
			);
			defaultConfigurationIsVisible = 0;
			defaultConfigurationName = Release;
		};
		B442A38926D75A1700560089 /* Build configuration list for PBXNativeTarget "DrawFlowerGraphic (DrawGraphics_mission)" */ = {
			isa = XCConfigurationList;
			buildConfigurations = (
				B442A38A26D75A1700560089 /* Debug */,
				B442A38B26D75A1700560089 /* Release */,
			);
			defaultConfigurationIsVisible = 0;
			defaultConfigurationName = Release;
		};
/* End XCConfigurationList section */
	};
	rootObject = B442A36D26D75A1600560089 /* Project object */;
}
