// !$*UTF8*$!
{
	archiveVersion = 1;
	classes = {
	};
	objectVersion = 50;
	objects = {

/* Begin PBXBuildFile section */
		B45B007326A532C7000793DC /* AppDelegate.swift in Sources */ = {isa = PBXBuildFile; fileRef = B45B007226A532C7000793DC /* AppDelegate.swift */; };
		B45B007526A532C7000793DC /* SceneDelegate.swift in Sources */ = {isa = PBXBuildFile; fileRef = B45B007426A532C7000793DC /* SceneDelegate.swift */; };
		B45B007726A532C7000793DC /* ViewController.swift in Sources */ = {isa = PBXBuildFile; fileRef = B45B007626A532C7000793DC /* ViewController.swift */; };
		B45B007A26A532C7000793DC /* Main.storyboard in Resources */ = {isa = PBXBuildFile; fileRef = B45B007826A532C7000793DC /* Main.storyboard */; };
		B45B007F26A532C9000793DC /* LaunchScreen.storyboard in Resources */ = {isa = PBXBuildFile; fileRef = B45B007D26A532C9000793DC /* LaunchScreen.storyboard */; };
		B45B008726A54C5D000793DC /* FlashViewViewController.swift in Sources */ = {isa = PBXBuildFile; fileRef = B45B008626A54C5D000793DC /* FlashViewViewController.swift */; };
		B45B008926A5508D000793DC /* RamenTimerViewController.swift in Sources */ = {isa = PBXBuildFile; fileRef = B45B008826A5508D000793DC /* RamenTimerViewController.swift */; };
		B45B008B26A5525B000793DC /* Assets.xcassets in Resources */ = {isa = PBXBuildFile; fileRef = B45B008A26A5525B000793DC /* Assets.xcassets */; };
/* End PBXBuildFile section */

/* Begin PBXFileReference section */
		B45B006F26A532C7000793DC /* InterestingUI.app */ = {isa = PBXFileReference; explicitFileType = wrapper.application; includeInIndex = 0; path = InterestingUI.app; sourceTree = BUILT_PRODUCTS_DIR; };
		B45B007226A532C7000793DC /* AppDelegate.swift */ = {isa = PBXFileReference; lastKnownFileType = sourcecode.swift; path = AppDelegate.swift; sourceTree = "<group>"; };
		B45B007426A532C7000793DC /* SceneDelegate.swift */ = {isa = PBXFileReference; lastKnownFileType = sourcecode.swift; path = SceneDelegate.swift; sourceTree = "<group>"; };
		B45B007626A532C7000793DC /* ViewController.swift */ = {isa = PBXFileReference; lastKnownFileType = sourcecode.swift; path = ViewController.swift; sourceTree = "<group>"; };
		B45B007926A532C7000793DC /* Base */ = {isa = PBXFileReference; lastKnownFileType = file.storyboard; name = Base; path = Base.lproj/Main.storyboard; sourceTree = "<group>"; };
		B45B007E26A532C9000793DC /* Base */ = {isa = PBXFileReference; lastKnownFileType = file.storyboard; name = Base; path = Base.lproj/LaunchScreen.storyboard; sourceTree = "<group>"; };
		B45B008026A532C9000793DC /* Info.plist */ = {isa = PBXFileReference; lastKnownFileType = text.plist.xml; path = Info.plist; sourceTree = "<group>"; };
		B45B008626A54C5D000793DC /* FlashViewViewController.swift */ = {isa = PBXFileReference; lastKnownFileType = sourcecode.swift; path = FlashViewViewController.swift; sourceTree = "<group>"; };
		B45B008826A5508D000793DC /* RamenTimerViewController.swift */ = {isa = PBXFileReference; lastKnownFileType = sourcecode.swift; path = RamenTimerViewController.swift; sourceTree = "<group>"; };
		B45B008A26A5525B000793DC /* Assets.xcassets */ = {isa = PBXFileReference; lastKnownFileType = folder.assetcatalog; path = Assets.xcassets; sourceTree = "<group>"; };
/* End PBXFileReference section */

/* Begin PBXFrameworksBuildPhase section */
		B45B006C26A532C7000793DC /* Frameworks */ = {
			isa = PBXFrameworksBuildPhase;
			buildActionMask = 2147483647;
			files = (
			);
			runOnlyForDeploymentPostprocessing = 0;
		};
/* End PBXFrameworksBuildPhase section */

/* Begin PBXGroup section */
		B45B006626A532C7000793DC = {
			isa = PBXGroup;
			children = (
				B45B007126A532C7000793DC /* InterestingUI */,
				B45B007026A532C7000793DC /* Products */,
			);
			sourceTree = "<group>";
		};
		B45B007026A532C7000793DC /* Products */ = {
			isa = PBXGroup;
			children = (
				B45B006F26A532C7000793DC /* InterestingUI.app */,
			);
			name = Products;
			sourceTree = "<group>";
		};
		B45B007126A532C7000793DC /* InterestingUI */ = {
			isa = PBXGroup;
			children = (
				B45B007226A532C7000793DC /* AppDelegate.swift */,
				B45B007426A532C7000793DC /* SceneDelegate.swift */,
				B45B008A26A5525B000793DC /* Assets.xcassets */,
				B45B007626A532C7000793DC /* ViewController.swift */,
				B45B008826A5508D000793DC /* RamenTimerViewController.swift */,
				B45B008626A54C5D000793DC /* FlashViewViewController.swift */,
				B45B007826A532C7000793DC /* Main.storyboard */,
				B45B007D26A532C9000793DC /* LaunchScreen.storyboard */,
				B45B008026A532C9000793DC /* Info.plist */,
			);
			path = InterestingUI;
			sourceTree = "<group>";
		};
/* End PBXGroup section */

/* Begin PBXNativeTarget section */
		B45B006E26A532C7000793DC /* InterestingUI */ = {
			isa = PBXNativeTarget;
			buildConfigurationList = B45B008326A532C9000793DC /* Build configuration list for PBXNativeTarget "InterestingUI" */;
			buildPhases = (
				B45B006B26A532C7000793DC /* Sources */,
				B45B006C26A532C7000793DC /* Frameworks */,
				B45B006D26A532C7000793DC /* Resources */,
			);
			buildRules = (
			);
			dependencies = (
			);
			name = InterestingUI;
			productName = InterestingUI;
			productReference = B45B006F26A532C7000793DC /* InterestingUI.app */;
			productType = "com.apple.product-type.application";
		};
/* End PBXNativeTarget section */

/* Begin PBXProject section */
		B45B006726A532C7000793DC /* Project object */ = {
			isa = PBXProject;
			attributes = {
				LastSwiftUpdateCheck = 1250;
				LastUpgradeCheck = 1250;
				TargetAttributes = {
					B45B006E26A532C7000793DC = {
						CreatedOnToolsVersion = 12.5.1;
					};
				};
			};
			buildConfigurationList = B45B006A26A532C7000793DC /* Build configuration list for PBXProject "InterestingUI" */;
			compatibilityVersion = "Xcode 9.3";
			developmentRegion = en;
			hasScannedForEncodings = 0;
			knownRegions = (
				en,
				Base,
			);
			mainGroup = B45B006626A532C7000793DC;
			productRefGroup = B45B007026A532C7000793DC /* Products */;
			projectDirPath = "";
			projectRoot = "";
			targets = (
				B45B006E26A532C7000793DC /* InterestingUI */,
			);
		};
/* End PBXProject section */

/* Begin PBXResourcesBuildPhase section */
		B45B006D26A532C7000793DC /* Resources */ = {
			isa = PBXResourcesBuildPhase;
			buildActionMask = 2147483647;
			files = (
				B45B007F26A532C9000793DC /* LaunchScreen.storyboard in Resources */,
				B45B008B26A5525B000793DC /* Assets.xcassets in Resources */,
				B45B007A26A532C7000793DC /* Main.storyboard in Resources */,
			);
			runOnlyForDeploymentPostprocessing = 0;
		};
/* End PBXResourcesBuildPhase section */

/* Begin PBXSourcesBuildPhase section */
		B45B006B26A532C7000793DC /* Sources */ = {
			isa = PBXSourcesBuildPhase;
			buildActionMask = 2147483647;
			files = (
				B45B008926A5508D000793DC /* RamenTimerViewController.swift in Sources */,
				B45B008726A54C5D000793DC /* FlashViewViewController.swift in Sources */,
				B45B007726A532C7000793DC /* ViewController.swift in Sources */,
				B45B007326A532C7000793DC /* AppDelegate.swift in Sources */,
				B45B007526A532C7000793DC /* SceneDelegate.swift in Sources */,
			);
			runOnlyForDeploymentPostprocessing = 0;
		};
/* End PBXSourcesBuildPhase section */

/* Begin PBXVariantGroup section */
		B45B007826A532C7000793DC /* Main.storyboard */ = {
			isa = PBXVariantGroup;
			children = (
				B45B007926A532C7000793DC /* Base */,
			);
			name = Main.storyboard;
			sourceTree = "<group>";
		};
		B45B007D26A532C9000793DC /* LaunchScreen.storyboard */ = {
			isa = PBXVariantGroup;
			children = (
				B45B007E26A532C9000793DC /* Base */,
			);
			name = LaunchScreen.storyboard;
			sourceTree = "<group>";
		};
/* End PBXVariantGroup section */

/* Begin XCBuildConfiguration section */
		B45B008126A532C9000793DC /* Debug */ = {
			isa = XCBuildConfiguration;
			buildSettings = {
				ALWAYS_SEARCH_USER_PATHS = NO;
				CLANG_ANALYZER_NONNULL = YES;
				CLANG_ANALYZER_NUMBER_OBJECT_CONVERSION = YES_AGGRESSIVE;
				CLANG_CXX_LANGUAGE_STANDARD = "gnu++14";
				CLANG_CXX_LIBRARY = "libc++";
				CLANG_ENABLE_MODULES = YES;
				CLANG_ENABLE_OBJC_ARC = YES;
				CLANG_ENABLE_OBJC_WEAK = YES;
				CLANG_WARN_BLOCK_CAPTURE_AUTORELEASING = YES;
				CLANG_WARN_BOOL_CONVERSION = YES;
				CLANG_WARN_COMMA = YES;
				CLANG_WARN_CONSTANT_CONVERSION = YES;
				CLANG_WARN_DEPRECATED_OBJC_IMPLEMENTATIONS = YES;
				CLANG_WARN_DIRECT_OBJC_ISA_USAGE = YES_ERROR;
				CLANG_WARN_DOCUMENTATION_COMMENTS = YES;
				CLANG_WARN_EMPTY_BODY = YES;
				CLANG_WARN_ENUM_CONVERSION = YES;
				CLANG_WARN_INFINITE_RECURSION = YES;
				CLANG_WARN_INT_CONVERSION = YES;
				CLANG_WARN_NON_LITERAL_NULL_CONVERSION = YES;
				CLANG_WARN_OBJC_IMPLICIT_RETAIN_SELF = YES;
				CLANG_WARN_OBJC_LITERAL_CONVERSION = YES;
				CLANG_WARN_OBJC_ROOT_CLASS = YES_ERROR;
				CLANG_WARN_QUOTED_INCLUDE_IN_FRAMEWORK_HEADER = YES;
				CLANG_WARN_RANGE_LOOP_ANALYSIS = YES;
				CLANG_WARN_STRICT_PROTOTYPES = YES;
				CLANG_WARN_SUSPICIOUS_MOVE = YES;
				CLANG_WARN_UNGUARDED_AVAILABILITY = YES_AGGRESSIVE;
				CLANG_WARN_UNREACHABLE_CODE = YES;
				CLANG_WARN__DUPLICATE_METHOD_MATCH = YES;
				COPY_PHASE_STRIP = NO;
				DEBUG_INFORMATION_FORMAT = dwarf;
				ENABLE_STRICT_OBJC_MSGSEND = YES;
				ENABLE_TESTABILITY = YES;
				GCC_C_LANGUAGE_STANDARD = gnu11;
				GCC_DYNAMIC_NO_PIC = NO;
				GCC_NO_COMMON_BLOCKS = YES;
				GCC_OPTIMIZATION_LEVEL = 0;
				GCC_PREPROCESSOR_DEFINITIONS = (
					"DEBUG=1",
					"$(inherited)",
				);
				GCC_WARN_64_TO_32_BIT_CONVERSION = YES;
				GCC_WARN_ABOUT_RETURN_TYPE = YES_ERROR;
				GCC_WARN_UNDECLARED_SELECTOR = YES;
				GCC_WARN_UNINITIALIZED_AUTOS = YES_AGGRESSIVE;
				GCC_WARN_UNUSED_FUNCTION = YES;
				GCC_WARN_UNUSED_VARIABLE = YES;
				IPHONEOS_DEPLOYMENT_TARGET = 14.5;
				MTL_ENABLE_DEBUG_INFO = INCLUDE_SOURCE;
				MTL_FAST_MATH = YES;
				ONLY_ACTIVE_ARCH = YES;
				SDKROOT = iphoneos;
				SWIFT_ACTIVE_COMPILATION_CONDITIONS = DEBUG;
				SWIFT_OPTIMIZATION_LEVEL = "-Onone";
			};
			name = Debug;
		};
		B45B008226A532C9000793DC /* Release */ = {
			isa = XCBuildConfiguration;
			buildSettings = {
				ALWAYS_SEARCH_USER_PATHS = NO;
				CLANG_ANALYZER_NONNULL = YES;
				CLANG_ANALYZER_NUMBER_OBJECT_CONVERSION = YES_AGGRESSIVE;
				CLANG_CXX_LANGUAGE_STANDARD = "gnu++14";
				CLANG_CXX_LIBRARY = "libc++";
				CLANG_ENABLE_MODULES = YES;
				CLANG_ENABLE_OBJC_ARC = YES;
				CLANG_ENABLE_OBJC_WEAK = YES;
				CLANG_WARN_BLOCK_CAPTURE_AUTORELEASING = YES;
				CLANG_WARN_BOOL_CONVERSION = YES;
				CLANG_WARN_COMMA = YES;
				CLANG_WARN_CONSTANT_CONVERSION = YES;
				CLANG_WARN_DEPRECATED_OBJC_IMPLEMENTATIONS = YES;
				CLANG_WARN_DIRECT_OBJC_ISA_USAGE = YES_ERROR;
				CLANG_WARN_DOCUMENTATION_COMMENTS = YES;
				CLANG_WARN_EMPTY_BODY = YES;
				CLANG_WARN_ENUM_CONVERSION = YES;
				CLANG_WARN_INFINITE_RECURSION = YES;
				CLANG_WARN_INT_CONVERSION = YES;
				CLANG_WARN_NON_LITERAL_NULL_CONVERSION = YES;
				CLANG_WARN_OBJC_IMPLICIT_RETAIN_SELF = YES;
				CLANG_WARN_OBJC_LITERAL_CONVERSION = YES;
				CLANG_WARN_OBJC_ROOT_CLASS = YES_ERROR;
				CLANG_WARN_QUOTED_INCLUDE_IN_FRAMEWORK_HEADER = YES;
				CLANG_WARN_RANGE_LOOP_ANALYSIS = YES;
				CLANG_WARN_STRICT_PROTOTYPES = YES;
				CLANG_WARN_SUSPICIOUS_MOVE = YES;
				CLANG_WARN_UNGUARDED_AVAILABILITY = YES_AGGRESSIVE;
				CLANG_WARN_UNREACHABLE_CODE = YES;
				CLANG_WARN__DUPLICATE_METHOD_MATCH = YES;
				COPY_PHASE_STRIP = NO;
				DEBUG_INFORMATION_FORMAT = "dwarf-with-dsym";
				ENABLE_NS_ASSERTIONS = NO;
				ENABLE_STRICT_OBJC_MSGSEND = YES;
				GCC_C_LANGUAGE_STANDARD = gnu11;
				GCC_NO_COMMON_BLOCKS = YES;
				GCC_WARN_64_TO_32_BIT_CONVERSION = YES;
				GCC_WARN_ABOUT_RETURN_TYPE = YES_ERROR;
				GCC_WARN_UNDECLARED_SELECTOR = YES;
				GCC_WARN_UNINITIALIZED_AUTOS = YES_AGGRESSIVE;
				GCC_WARN_UNUSED_FUNCTION = YES;
				GCC_WARN_UNUSED_VARIABLE = YES;
				IPHONEOS_DEPLOYMENT_TARGET = 14.5;
				MTL_ENABLE_DEBUG_INFO = NO;
				MTL_FAST_MATH = YES;
				SDKROOT = iphoneos;
				SWIFT_COMPILATION_MODE = wholemodule;
				SWIFT_OPTIMIZATION_LEVEL = "-O";
				VALIDATE_PRODUCT = YES;
			};
			name = Release;
		};
		B45B008426A532C9000793DC /* Debug */ = {
			isa = XCBuildConfiguration;
			buildSettings = {
				ASSETCATALOG_COMPILER_APPICON_NAME = AppIcon;
				ASSETCATALOG_COMPILER_GLOBAL_ACCENT_COLOR_NAME = AccentColor;
				CODE_SIGN_STYLE = Automatic;
				INFOPLIST_FILE = InterestingUI/Info.plist;
				LD_RUNPATH_SEARCH_PATHS = (
					"$(inherited)",
					"@executable_path/Frameworks",
				);
				PRODUCT_BUNDLE_IDENTIFIER = com.swiftie.InterestingUI;
				PRODUCT_NAME = "$(TARGET_NAME)";
				SWIFT_VERSION = 5.0;
				TARGETED_DEVICE_FAMILY = "1,2";
			};
			name = Debug;
		};
		B45B008526A532C9000793DC /* Release */ = {
			isa = XCBuildConfiguration;
			buildSettings = {
				ASSETCATALOG_COMPILER_APPICON_NAME = AppIcon;
				ASSETCATALOG_COMPILER_GLOBAL_ACCENT_COLOR_NAME = AccentColor;
				CODE_SIGN_STYLE = Automatic;
				INFOPLIST_FILE = InterestingUI/Info.plist;
				LD_RUNPATH_SEARCH_PATHS = (
					"$(inherited)",
					"@executable_path/Frameworks",
				);
				PRODUCT_BUNDLE_IDENTIFIER = com.swiftie.InterestingUI;
				PRODUCT_NAME = "$(TARGET_NAME)";
				SWIFT_VERSION = 5.0;
				TARGETED_DEVICE_FAMILY = "1,2";
			};
			name = Release;
		};
/* End XCBuildConfiguration section */

/* Begin XCConfigurationList section */
		B45B006A26A532C7000793DC /* Build configuration list for PBXProject "InterestingUI" */ = {
			isa = XCConfigurationList;
			buildConfigurations = (
				B45B008126A532C9000793DC /* Debug */,
				B45B008226A532C9000793DC /* Release */,
			);
			defaultConfigurationIsVisible = 0;
			defaultConfigurationName = Release;
		};
		B45B008326A532C9000793DC /* Build configuration list for PBXNativeTarget "InterestingUI" */ = {
			isa = XCConfigurationList;
			buildConfigurations = (
				B45B008426A532C9000793DC /* Debug */,
				B45B008526A532C9000793DC /* Release */,
			);
			defaultConfigurationIsVisible = 0;
			defaultConfigurationName = Release;
		};
/* End XCConfigurationList section */
	};
	rootObject = B45B006726A532C7000793DC /* Project object */;
}
